
Microsoft Visual Studio Solution File, Format Version 12.00
# Visual Studio Version 17
VisualStudioVersion = 17.12.35506.116
MinimumVisualStudioVersion = 10.0.40219.1
Project("{FAE04EC0-301F-11D3-BF4B-00C04F79EFBC}") = "TEST_proj", "TEST_proj\TEST_proj.csproj", "{C5F540DB-5F76-4F1E-8BEF-67A1B8320FA5}"
EndProject
Project("{FAE04EC0-301F-11D3-BF4B-00C04F79EFBC}") = "ProjFromNikita", "ProjFromNikita\ProjFromNikita.csproj", "{CF6DE911-0241-4C41-870C-41ABE8F420C9}"
EndProject
Project("{FAE04EC0-301F-11D3-BF4B-00C04F79EFBC}") = "TEST_proj2", "TEST_proj2\TEST_proj2.csproj", "{530359DD-74B9-4566-AF3E-B2FF8DA2389E}"
EndProject
Global
	GlobalSection(SolutionConfigurationPlatforms) = preSolution
		Debug|Any CPU = Debug|Any CPU
		Release|Any CPU = Release|Any CPU
	EndGlobalSection
	GlobalSection(ProjectConfigurationPlatforms) = postSolution
		{C5F540DB-5F76-4F1E-8BEF-67A1B8320FA5}.Debug|Any CPU.ActiveCfg = Debug|Any CPU
		{C5F540DB-5F76-4F1E-8BEF-67A1B8320FA5}.Debug|Any CPU.Build.0 = Debug|Any CPU
		{C5F540DB-5F76-4F1E-8BEF-67A1B8320FA5}.Release|Any CPU.ActiveCfg = Release|Any CPU
		{C5F540DB-5F76-4F1E-8BEF-67A1B8320FA5}.Release|Any CPU.Build.0 = Release|Any CPU
		{CF6DE911-0241-4C41-870C-41ABE8F420C9}.Debug|Any CPU.ActiveCfg = Debug|Any CPU
		{CF6DE911-0241-4C41-870C-41ABE8F420C9}.Debug|Any CPU.Build.0 = Debug|Any CPU
		{CF6DE911-0241-4C41-870C-41ABE8F420C9}.Release|Any CPU.ActiveCfg = Release|Any CPU
		{CF6DE911-0241-4C41-870C-41ABE8F420C9}.Release|Any CPU.Build.0 = Release|Any CPU
		{530359DD-74B9-4566-AF3E-B2FF8DA2389E}.Debug|Any CPU.ActiveCfg = Debug|Any CPU
		{530359DD-74B9-4566-AF3E-B2FF8DA2389E}.Debug|Any CPU.Build.0 = Debug|Any CPU
		{530359DD-74B9-4566-AF3E-B2FF8DA2389E}.Release|Any CPU.ActiveCfg = Release|Any CPU
		{530359DD-74B9-4566-AF3E-B2FF8DA2389E}.Release|Any CPU.Build.0 = Release|Any CPU
	EndGlobalSection
	GlobalSection(SolutionProperties) = preSolution
		HideSolutionNode = FALSE
	EndGlobalSection
EndGlobal
